
Microsoft Visual Studio Solution File, Format Version 12.00
# Visual Studio 15
VisualStudioVersion = 15.0.28307.1169
MinimumVisualStudioVersion = 10.0.40219.1
Project("{8BC9CEB8-8B4A-11D0-8D11-00A0C91BC942}") = "TomasiKanade", "TomasiKanade.vcxproj", "{02908BA6-B034-4CD6-AAAA-C9867D37B209}"
EndProject
Global
	GlobalSection(SolutionConfigurationPlatforms) = preSolution
		Debug|x64 = Debug|x64
		Debug|x86 = Debug|x86
		Release|x64 = Release|x64
		Release|x86 = Release|x86
	EndGlobalSection
	GlobalSection(ProjectConfigurationPlatforms) = postSolution
		{02908BA6-B034-4CD6-AAAA-C9867D37B209}.Debug|x64.ActiveCfg = Debug|x64
		{02908BA6-B034-4CD6-AAAA-C9867D37B209}.Debug|x64.Build.0 = Debug|x64
		{02908BA6-B034-4CD6-AAAA-C9867D37B209}.Debug|x86.ActiveCfg = Debug|Win32
		{02908BA6-B034-4CD6-AAAA-C9867D37B209}.Debug|x86.Build.0 = Debug|Win32
		{02908BA6-B034-4CD6-AAAA-C9867D37B209}.Release|x64.ActiveCfg = Release|x64
		{02908BA6-B034-4CD6-AAAA-C9867D37B209}.Release|x64.Build.0 = Release|x64
		{02908BA6-B034-4CD6-AAAA-C9867D37B209}.Release|x86.ActiveCfg = Release|Win32
		{02908BA6-B034-4CD6-AAAA-C9867D37B209}.Release|x86.Build.0 = Release|Win32
	EndGlobalSection
	GlobalSection(SolutionProperties) = preSolution
		HideSolutionNode = FALSE
	EndGlobalSection
	GlobalSection(ExtensibilityGlobals) = postSolution
		SolutionGuid = {92C07FDD-05B0-4D11-A3D8-483E68C259FE}
	EndGlobalSection
EndGlobal
